
Microsoft Visual Studio Solution File, Format Version 12.00
# Visual Studio Version 16
VisualStudioVersion = 16.0.29411.108
MinimumVisualStudioVersion = 10.0.40219.1
Project("{FAE04EC0-301F-11D3-BF4B-00C04F79EFBC}") = "Boyut.TerminalProgramlari", "Boyut.TerminalProgramlari.csproj", "{24A16452-D876-4123-B733-E730E6D9728B}"
EndProject
Global
	GlobalSection(SolutionConfigurationPlatforms) = preSolution
		Debug|Any CPU = Debug|Any CPU
		Release|Any CPU = Release|Any CPU
	EndGlobalSection
	GlobalSection(ProjectConfigurationPlatforms) = postSolution
		{24A16452-D876-4123-B733-E730E6D9728B}.Debug|Any CPU.ActiveCfg = Debug|Any CPU
		{24A16452-D876-4123-B733-E730E6D9728B}.Debug|Any CPU.Build.0 = Debug|Any CPU
		{24A16452-D876-4123-B733-E730E6D9728B}.Release|Any CPU.ActiveCfg = Release|Any CPU
		{24A16452-D876-4123-B733-E730E6D9728B}.Release|Any CPU.Build.0 = Release|Any CPU
	EndGlobalSection
	GlobalSection(SolutionProperties) = preSolution
		HideSolutionNode = FALSE
	EndGlobalSection
	GlobalSection(ExtensibilityGlobals) = postSolution
		SolutionGuid = {1BD5CC77-5733-4CAC-8CF2-54C3E7532885}
	EndGlobalSection
EndGlobal
